{
  "nodes": {
    "flake-utils": {
      "locked": {
        "lastModified": 1659877975,
        "narHash": "sha256-zllb8aq3YO3h8B/U0/J1WBgAL8EX5yWf5pMj3G0NAmc=",
        "owner": "numtide",
        "repo": "flake-utils",
        "rev": "c0e246b9b83f637f4681389ecabcb2681b4f3af0",
        "type": "github"
      },
      "original": {
        "owner": "numtide",
        "repo": "flake-utils",
        "type": "github"
      }
    },
    "nixpkgs": {
      "locked": {
        "lastModified": 1678500271,
        "narHash": "sha256-tRBLElf6f02HJGG0ZR7znMNFv/Uf7b2fFInpTHiHaSE=",
        "owner": "NixOS",
        "repo": "nixpkgs",
        "rev": "5eb98948b66de29f899c7fe27ae112a47964baf8",
        "type": "github"
      },
      "original": {
        "owner": "NixOS",
        "ref": "nixos-22.11",
        "repo": "nixpkgs",
        "type": "github"
      }
    },
    "root": {
      "inputs": {
        "nixpkgs": "nixpkgs",
        "tinycmmc": "tinycmmc"
      }
    },
    "tinycmmc": {
      "inputs": {
        "flake-utils": "flake-utils",
        "nixpkgs": [
          "nixpkgs"
        ]
      },
      "locked": {
        "lastModified": 1660915337,
        "narHash": "sha256-RUvBcVlsF0jleNeDGP2TtTYVozsx+7lJeOlQJ9vuYrk=",
        "owner": "grumbel",
        "repo": "tinycmmc",
        "rev": "25af158259bc772a5393c6200c4ebfd0ec4e28d0",
        "type": "github"
      },
      "original": {
        "owner": "grumbel",
        "repo": "tinycmmc",
        "type": "github"
      }
    }
  },
  "root": "root",
  "version": 7
}
